// !$*UTF8*$!
{
	archiveVersion = 1;
	classes = {
	};
	objectVersion = 46;
	objects = {

/* Begin PBXBuildFile section */
		98271ABE1A33C1C400667B4D /* AppDelegate.swift in Sources */ = {isa = PBXBuildFile; fileRef = 98271ABD1A33C1C400667B4D /* AppDelegate.swift */; };
		98271AC11A33C1C400667B4D /* CoinFlipr.xcdatamodeld in Sources */ = {isa = PBXBuildFile; fileRef = 98271ABF1A33C1C400667B4D /* CoinFlipr.xcdatamodeld */; };
		98271AC31A33C1C400667B4D /* ViewController.swift in Sources */ = {isa = PBXBuildFile; fileRef = 98271AC21A33C1C400667B4D /* ViewController.swift */; };
		98271AC61A33C1C400667B4D /* Main.storyboard in Resources */ = {isa = PBXBuildFile; fileRef = 98271AC41A33C1C400667B4D /* Main.storyboard */; };
		98271ACB1A33C1C400667B4D /* LaunchScreen.xib in Resources */ = {isa = PBXBuildFile; fileRef = 98271AC91A33C1C400667B4D /* LaunchScreen.xib */; };
		98271AD71A33C1C400667B4D /* CoinFliprTests.swift in Sources */ = {isa = PBXBuildFile; fileRef = 98271AD61A33C1C400667B4D /* CoinFliprTests.swift */; };
		98271AE71A33C1EA00667B4D /* WatchKit.framework in Frameworks */ = {isa = PBXBuildFile; fileRef = 98271AE61A33C1EA00667B4D /* WatchKit.framework */; };
		98271AEC1A33C1EA00667B4D /* InterfaceController.swift in Sources */ = {isa = PBXBuildFile; fileRef = 98271AEB1A33C1EA00667B4D /* InterfaceController.swift */; };
		98271AEE1A33C1EA00667B4D /* Images.xcassets in Resources */ = {isa = PBXBuildFile; fileRef = 98271AED1A33C1EA00667B4D /* Images.xcassets */; };
		98271AF21A33C1EA00667B4D /* CoinFlipr Watch App.app in Resources */ = {isa = PBXBuildFile; fileRef = 98271AF11A33C1EA00667B4D /* CoinFlipr Watch App.app */; };
		98271AF91A33C1EA00667B4D /* Interface.storyboard in Resources */ = {isa = PBXBuildFile; fileRef = 98271AF81A33C1EA00667B4D /* Interface.storyboard */; };
		98271AFB1A33C1EA00667B4D /* Images.xcassets in Resources */ = {isa = PBXBuildFile; fileRef = 98271AFA1A33C1EA00667B4D /* Images.xcassets */; };
		98271AFE1A33C1EA00667B4D /* CoinFlipr WatchKit Extension.appex in Embed App Extensions */ = {isa = PBXBuildFile; fileRef = 98271AE41A33C1EA00667B4D /* CoinFlipr WatchKit Extension.appex */; settings = {ATTRIBUTES = (RemoveHeadersOnCopy, ); }; };
		98603FD41B3B4F8000AFC34F /* Images.xcassets in Resources */ = {isa = PBXBuildFile; fileRef = 98603FD31B3B4F8000AFC34F /* Images.xcassets */; };
/* End PBXBuildFile section */

/* Begin PBXContainerItemProxy section */
		98271AD11A33C1C400667B4D /* PBXContainerItemProxy */ = {
			isa = PBXContainerItemProxy;
			containerPortal = 98271AB01A33C1C400667B4D /* Project object */;
			proxyType = 1;
			remoteGlobalIDString = 98271AB71A33C1C400667B4D;
			remoteInfo = CoinFlipr;
		};
		98271AF31A33C1EA00667B4D /* PBXContainerItemProxy */ = {
			isa = PBXContainerItemProxy;
			containerPortal = 98271AB01A33C1C400667B4D /* Project object */;
			proxyType = 1;
			remoteGlobalIDString = 98271AF01A33C1EA00667B4D;
			remoteInfo = "CoinFlipr Watch App";
		};
		98271AFC1A33C1EA00667B4D /* PBXContainerItemProxy */ = {
			isa = PBXContainerItemProxy;
			containerPortal = 98271AB01A33C1C400667B4D /* Project object */;
			proxyType = 1;
			remoteGlobalIDString = 98271AE31A33C1EA00667B4D;
			remoteInfo = "CoinFlipr WatchKit Extension";
		};
/* End PBXContainerItemProxy section */

/* Begin PBXCopyFilesBuildPhase section */
		98271B051A33C1EA00667B4D /* Embed App Extensions */ = {
			isa = PBXCopyFilesBuildPhase;
			buildActionMask = 2147483647;
			dstPath = "";
			dstSubfolderSpec = 13;
			files = (
				98271AFE1A33C1EA00667B4D /* CoinFlipr WatchKit Extension.appex in Embed App Extensions */,
			);
			name = "Embed App Extensions";
			runOnlyForDeploymentPostprocessing = 0;
		};
/* End PBXCopyFilesBuildPhase section */

/* Begin PBXFileReference section */
		98271AB81A33C1C400667B4D /* CoinFlipr.app */ = {isa = PBXFileReference; explicitFileType = wrapper.application; includeInIndex = 0; path = CoinFlipr.app; sourceTree = BUILT_PRODUCTS_DIR; };
		98271ABC1A33C1C400667B4D /* Info.plist */ = {isa = PBXFileReference; lastKnownFileType = text.plist.xml; path = Info.plist; sourceTree = "<group>"; };
		98271ABD1A33C1C400667B4D /* AppDelegate.swift */ = {isa = PBXFileReference; lastKnownFileType = sourcecode.swift; path = AppDelegate.swift; sourceTree = "<group>"; };
		98271AC01A33C1C400667B4D /* CoinFlipr.xcdatamodel */ = {isa = PBXFileReference; lastKnownFileType = wrapper.xcdatamodel; path = CoinFlipr.xcdatamodel; sourceTree = "<group>"; };
		98271AC21A33C1C400667B4D /* ViewController.swift */ = {isa = PBXFileReference; lastKnownFileType = sourcecode.swift; path = ViewController.swift; sourceTree = "<group>"; };
		98271AC51A33C1C400667B4D /* Base */ = {isa = PBXFileReference; lastKnownFileType = file.storyboard; name = Base; path = Base.lproj/Main.storyboard; sourceTree = "<group>"; };
		98271ACA1A33C1C400667B4D /* Base */ = {isa = PBXFileReference; lastKnownFileType = file.xib; name = Base; path = Base.lproj/LaunchScreen.xib; sourceTree = "<group>"; };
		98271AD01A33C1C400667B4D /* CoinFliprTests.xctest */ = {isa = PBXFileReference; explicitFileType = wrapper.cfbundle; includeInIndex = 0; path = CoinFliprTests.xctest; sourceTree = BUILT_PRODUCTS_DIR; };
		98271AD51A33C1C400667B4D /* Info.plist */ = {isa = PBXFileReference; lastKnownFileType = text.plist.xml; path = Info.plist; sourceTree = "<group>"; };
		98271AD61A33C1C400667B4D /* CoinFliprTests.swift */ = {isa = PBXFileReference; lastKnownFileType = sourcecode.swift; path = CoinFliprTests.swift; sourceTree = "<group>"; };
		98271AE41A33C1EA00667B4D /* CoinFlipr WatchKit Extension.appex */ = {isa = PBXFileReference; explicitFileType = "wrapper.app-extension"; includeInIndex = 0; path = "CoinFlipr WatchKit Extension.appex"; sourceTree = BUILT_PRODUCTS_DIR; };
		98271AE61A33C1EA00667B4D /* WatchKit.framework */ = {isa = PBXFileReference; lastKnownFileType = wrapper.framework; name = WatchKit.framework; path = System/Library/Frameworks/WatchKit.framework; sourceTree = SDKROOT; };
		98271AEA1A33C1EA00667B4D /* Info.plist */ = {isa = PBXFileReference; lastKnownFileType = text.plist.xml; path = Info.plist; sourceTree = "<group>"; };
		98271AEB1A33C1EA00667B4D /* InterfaceController.swift */ = {isa = PBXFileReference; lastKnownFileType = sourcecode.swift; path = InterfaceController.swift; sourceTree = "<group>"; };
		98271AED1A33C1EA00667B4D /* Images.xcassets */ = {isa = PBXFileReference; lastKnownFileType = folder.assetcatalog; path = Images.xcassets; sourceTree = "<group>"; };
		98271AF11A33C1EA00667B4D /* CoinFlipr Watch App.app */ = {isa = PBXFileReference; explicitFileType = wrapper.application; includeInIndex = 0; path = "CoinFlipr Watch App.app"; sourceTree = BUILT_PRODUCTS_DIR; };
		98271AF71A33C1EA00667B4D /* Info.plist */ = {isa = PBXFileReference; lastKnownFileType = text.plist.xml; path = Info.plist; sourceTree = "<group>"; };
		98271AF81A33C1EA00667B4D /* Interface.storyboard */ = {isa = PBXFileReference; lastKnownFileType = file.storyboard; path = Interface.storyboard; sourceTree = "<group>"; };
		98271AFA1A33C1EA00667B4D /* Images.xcassets */ = {isa = PBXFileReference; lastKnownFileType = folder.assetcatalog; path = Images.xcassets; sourceTree = "<group>"; };
		98603FD31B3B4F8000AFC34F /* Images.xcassets */ = {isa = PBXFileReference; lastKnownFileType = folder.assetcatalog; name = Images.xcassets; path = "CoinFlipr Watch App/Images.xcassets"; sourceTree = SOURCE_ROOT; };
/* End PBXFileReference section */

/* Begin PBXFrameworksBuildPhase section */
		98271AB51A33C1C400667B4D /* Frameworks */ = {
			isa = PBXFrameworksBuildPhase;
			buildActionMask = 2147483647;
			files = (
			);
			runOnlyForDeploymentPostprocessing = 0;
		};
		98271ACD1A33C1C400667B4D /* Frameworks */ = {
			isa = PBXFrameworksBuildPhase;
			buildActionMask = 2147483647;
			files = (
			);
			runOnlyForDeploymentPostprocessing = 0;
		};
		98271AE11A33C1EA00667B4D /* Frameworks */ = {
			isa = PBXFrameworksBuildPhase;
			buildActionMask = 2147483647;
			files = (
				98271AE71A33C1EA00667B4D /* WatchKit.framework in Frameworks */,
			);
			runOnlyForDeploymentPostprocessing = 0;
		};
/* End PBXFrameworksBuildPhase section */

/* Begin PBXGroup section */
		98271AAF1A33C1C400667B4D = {
			isa = PBXGroup;
			children = (
				98271ABA1A33C1C400667B4D /* CoinFlipr */,
				98271AD31A33C1C400667B4D /* CoinFliprTests */,
				98271AE81A33C1EA00667B4D /* CoinFlipr WatchKit Extension */,
				98271AF51A33C1EA00667B4D /* CoinFlipr Watch App */,
				98271AE51A33C1EA00667B4D /* Frameworks */,
				98271AB91A33C1C400667B4D /* Products */,
			);
			sourceTree = "<group>";
		};
		98271AB91A33C1C400667B4D /* Products */ = {
			isa = PBXGroup;
			children = (
				98271AB81A33C1C400667B4D /* CoinFlipr.app */,
				98271AD01A33C1C400667B4D /* CoinFliprTests.xctest */,
				98271AE41A33C1EA00667B4D /* CoinFlipr WatchKit Extension.appex */,
				98271AF11A33C1EA00667B4D /* CoinFlipr Watch App.app */,
			);
			name = Products;
			sourceTree = "<group>";
		};
		98271ABA1A33C1C400667B4D /* CoinFlipr */ = {
			isa = PBXGroup;
			children = (
				98271ABD1A33C1C400667B4D /* AppDelegate.swift */,
				98271AC21A33C1C400667B4D /* ViewController.swift */,
				98271AC41A33C1C400667B4D /* Main.storyboard */,
				98271AC91A33C1C400667B4D /* LaunchScreen.xib */,
				98271ABF1A33C1C400667B4D /* CoinFlipr.xcdatamodeld */,
				98603FD31B3B4F8000AFC34F /* Images.xcassets */,
				98271ABB1A33C1C400667B4D /* Supporting Files */,
			);
			path = CoinFlipr;
			sourceTree = "<group>";
		};
		98271ABB1A33C1C400667B4D /* Supporting Files */ = {
			isa = PBXGroup;
			children = (
				98271ABC1A33C1C400667B4D /* Info.plist */,
			);
			name = "Supporting Files";
			sourceTree = "<group>";
		};
		98271AD31A33C1C400667B4D /* CoinFliprTests */ = {
			isa = PBXGroup;
			children = (
				98271AD61A33C1C400667B4D /* CoinFliprTests.swift */,
				98271AD41A33C1C400667B4D /* Supporting Files */,
			);
			path = CoinFliprTests;
			sourceTree = "<group>";
		};
		98271AD41A33C1C400667B4D /* Supporting Files */ = {
			isa = PBXGroup;
			children = (
				98271AD51A33C1C400667B4D /* Info.plist */,
			);
			name = "Supporting Files";
			sourceTree = "<group>";
		};
		98271AE51A33C1EA00667B4D /* Frameworks */ = {
			isa = PBXGroup;
			children = (
				98271AE61A33C1EA00667B4D /* WatchKit.framework */,
			);
			name = Frameworks;
			sourceTree = "<group>";
		};
		98271AE81A33C1EA00667B4D /* CoinFlipr WatchKit Extension */ = {
			isa = PBXGroup;
			children = (
				98271AEB1A33C1EA00667B4D /* InterfaceController.swift */,
				98271AED1A33C1EA00667B4D /* Images.xcassets */,
				98271AE91A33C1EA00667B4D /* Supporting Files */,
			);
			path = "CoinFlipr WatchKit Extension";
			sourceTree = "<group>";
		};
		98271AE91A33C1EA00667B4D /* Supporting Files */ = {
			isa = PBXGroup;
			children = (
				98271AEA1A33C1EA00667B4D /* Info.plist */,
			);
			name = "Supporting Files";
			sourceTree = "<group>";
		};
		98271AF51A33C1EA00667B4D /* CoinFlipr Watch App */ = {
			isa = PBXGroup;
			children = (
				98271AF81A33C1EA00667B4D /* Interface.storyboard */,
				98271AFA1A33C1EA00667B4D /* Images.xcassets */,
				98271AF61A33C1EA00667B4D /* Supporting Files */,
			);
			path = "CoinFlipr Watch App";
			sourceTree = "<group>";
		};
		98271AF61A33C1EA00667B4D /* Supporting Files */ = {
			isa = PBXGroup;
			children = (
				98271AF71A33C1EA00667B4D /* Info.plist */,
			);
			name = "Supporting Files";
			sourceTree = "<group>";
		};
/* End PBXGroup section */

/* Begin PBXNativeTarget section */
		98271AB71A33C1C400667B4D /* CoinFlipr */ = {
			isa = PBXNativeTarget;
			buildConfigurationList = 98271ADA1A33C1C400667B4D /* Build configuration list for PBXNativeTarget "CoinFlipr" */;
			buildPhases = (
				98271AB41A33C1C400667B4D /* Sources */,
				98271AB51A33C1C400667B4D /* Frameworks */,
				98271AB61A33C1C400667B4D /* Resources */,
				98271B051A33C1EA00667B4D /* Embed App Extensions */,
			);
			buildRules = (
			);
			dependencies = (
				98271AFD1A33C1EA00667B4D /* PBXTargetDependency */,
			);
			name = CoinFlipr;
			productName = CoinFlipr;
			productReference = 98271AB81A33C1C400667B4D /* CoinFlipr.app */;
			productType = "com.apple.product-type.application";
		};
		98271ACF1A33C1C400667B4D /* CoinFliprTests */ = {
			isa = PBXNativeTarget;
			buildConfigurationList = 98271ADD1A33C1C400667B4D /* Build configuration list for PBXNativeTarget "CoinFliprTests" */;
			buildPhases = (
				98271ACC1A33C1C400667B4D /* Sources */,
				98271ACD1A33C1C400667B4D /* Frameworks */,
				98271ACE1A33C1C400667B4D /* Resources */,
			);
			buildRules = (
			);
			dependencies = (
				98271AD21A33C1C400667B4D /* PBXTargetDependency */,
			);
			name = CoinFliprTests;
			productName = CoinFliprTests;
			productReference = 98271AD01A33C1C400667B4D /* CoinFliprTests.xctest */;
			productType = "com.apple.product-type.bundle.unit-test";
		};
		98271AE31A33C1EA00667B4D /* CoinFlipr WatchKit Extension */ = {
			isa = PBXNativeTarget;
			buildConfigurationList = 98271B021A33C1EA00667B4D /* Build configuration list for PBXNativeTarget "CoinFlipr WatchKit Extension" */;
			buildPhases = (
				98271AE01A33C1EA00667B4D /* Sources */,
				98271AE11A33C1EA00667B4D /* Frameworks */,
				98271AE21A33C1EA00667B4D /* Resources */,
			);
			buildRules = (
			);
			dependencies = (
				98271AF41A33C1EA00667B4D /* PBXTargetDependency */,
			);
			name = "CoinFlipr WatchKit Extension";
			productName = "CoinFlipr WatchKit Extension";
			productReference = 98271AE41A33C1EA00667B4D /* CoinFlipr WatchKit Extension.appex */;
			productType = "com.apple.product-type.watchkit-extension";
		};
		98271AF01A33C1EA00667B4D /* CoinFlipr Watch App */ = {
			isa = PBXNativeTarget;
			buildConfigurationList = 98271AFF1A33C1EA00667B4D /* Build configuration list for PBXNativeTarget "CoinFlipr Watch App" */;
			buildPhases = (
				98271AEF1A33C1EA00667B4D /* Resources */,
			);
			buildRules = (
			);
			dependencies = (
			);
			name = "CoinFlipr Watch App";
			productName = "CoinFlipr Watch App";
			productReference = 98271AF11A33C1EA00667B4D /* CoinFlipr Watch App.app */;
			productType = "com.apple.product-type.application.watchapp";
		};
/* End PBXNativeTarget section */

/* Begin PBXProject section */
		98271AB01A33C1C400667B4D /* Project object */ = {
			isa = PBXProject;
			attributes = {
				LastUpgradeCheck = 0620;
				ORGANIZATIONNAME = "Mobile Makers";
				TargetAttributes = {
					98271AB71A33C1C400667B4D = {
						CreatedOnToolsVersion = 6.2;
					};
					98271ACF1A33C1C400667B4D = {
						CreatedOnToolsVersion = 6.2;
						TestTargetID = 98271AB71A33C1C400667B4D;
					};
					98271AE31A33C1EA00667B4D = {
						CreatedOnToolsVersion = 6.2;
					};
					98271AF01A33C1EA00667B4D = {
						CreatedOnToolsVersion = 6.2;
					};
				};
			};
			buildConfigurationList = 98271AB31A33C1C400667B4D /* Build configuration list for PBXProject "CoinFlipr" */;
			compatibilityVersion = "Xcode 3.2";
			developmentRegion = English;
			hasScannedForEncodings = 0;
			knownRegions = (
				en,
				Base,
			);
			mainGroup = 98271AAF1A33C1C400667B4D;
			productRefGroup = 98271AB91A33C1C400667B4D /* Products */;
			projectDirPath = "";
			projectRoot = "";
			targets = (
				98271AB71A33C1C400667B4D /* CoinFlipr */,
				98271ACF1A33C1C400667B4D /* CoinFliprTests */,
				98271AE31A33C1EA00667B4D /* CoinFlipr WatchKit Extension */,
				98271AF01A33C1EA00667B4D /* CoinFlipr Watch App */,
			);
		};
/* End PBXProject section */

/* Begin PBXResourcesBuildPhase section */
		98271AB61A33C1C400667B4D /* Resources */ = {
			isa = PBXResourcesBuildPhase;
			buildActionMask = 2147483647;
			files = (
				98603FD41B3B4F8000AFC34F /* Images.xcassets in Resources */,
				98271AC61A33C1C400667B4D /* Main.storyboard in Resources */,
				98271ACB1A33C1C400667B4D /* LaunchScreen.xib in Resources */,
			);
			runOnlyForDeploymentPostprocessing = 0;
		};
		98271ACE1A33C1C400667B4D /* Resources */ = {
			isa = PBXResourcesBuildPhase;
			buildActionMask = 2147483647;
			files = (
			);
			runOnlyForDeploymentPostprocessing = 0;
		};
		98271AE21A33C1EA00667B4D /* Resources */ = {
			isa = PBXResourcesBuildPhase;
			buildActionMask = 2147483647;
			files = (
				98271AF21A33C1EA00667B4D /* CoinFlipr Watch App.app in Resources */,
				98271AEE1A33C1EA00667B4D /* Images.xcassets in Resources */,
			);
			runOnlyForDeploymentPostprocessing = 0;
		};
		98271AEF1A33C1EA00667B4D /* Resources */ = {
			isa = PBXResourcesBuildPhase;
			buildActionMask = 2147483647;
			files = (
				98271AF91A33C1EA00667B4D /* Interface.storyboard in Resources */,
				98271AFB1A33C1EA00667B4D /* Images.xcassets in Resources */,
			);
			runOnlyForDeploymentPostprocessing = 0;
		};
/* End PBXResourcesBuildPhase section */

/* Begin PBXSourcesBuildPhase section */
		98271AB41A33C1C400667B4D /* Sources */ = {
			isa = PBXSourcesBuildPhase;
			buildActionMask = 2147483647;
			files = (
				98271AC31A33C1C400667B4D /* ViewController.swift in Sources */,
				98271AC11A33C1C400667B4D /* CoinFlipr.xcdatamodeld in Sources */,
				98271ABE1A33C1C400667B4D /* AppDelegate.swift in Sources */,
			);
			runOnlyForDeploymentPostprocessing = 0;
		};
		98271ACC1A33C1C400667B4D /* Sources */ = {
			isa = PBXSourcesBuildPhase;
			buildActionMask = 2147483647;
			files = (
				98271AD71A33C1C400667B4D /* CoinFliprTests.swift in Sources */,
			);
			runOnlyForDeploymentPostprocessing = 0;
		};
		98271AE01A33C1EA00667B4D /* Sources */ = {
			isa = PBXSourcesBuildPhase;
			buildActionMask = 2147483647;
			files = (
				98271AEC1A33C1EA00667B4D /* InterfaceController.swift in Sources */,
			);
			runOnlyForDeploymentPostprocessing = 0;
		};
/* End PBXSourcesBuildPhase section */

/* Begin PBXTargetDependency section */
		98271AD21A33C1C400667B4D /* PBXTargetDependency */ = {
			isa = PBXTargetDependency;
			target = 98271AB71A33C1C400667B4D /* CoinFlipr */;
			targetProxy = 98271AD11A33C1C400667B4D /* PBXContainerItemProxy */;
		};
		98271AF41A33C1EA00667B4D /* PBXTargetDependency */ = {
			isa = PBXTargetDependency;
			target = 98271AF01A33C1EA00667B4D /* CoinFlipr Watch App */;
			targetProxy = 98271AF31A33C1EA00667B4D /* PBXContainerItemProxy */;
		};
		98271AFD1A33C1EA00667B4D /* PBXTargetDependency */ = {
			isa = PBXTargetDependency;
			target = 98271AE31A33C1EA00667B4D /* CoinFlipr WatchKit Extension */;
			targetProxy = 98271AFC1A33C1EA00667B4D /* PBXContainerItemProxy */;
		};
/* End PBXTargetDependency section */

/* Begin PBXVariantGroup section */
		98271AC41A33C1C400667B4D /* Main.storyboard */ = {
			isa = PBXVariantGroup;
			children = (
				98271AC51A33C1C400667B4D /* Base */,
			);
			name = Main.storyboard;
			sourceTree = "<group>";
		};
		98271AC91A33C1C400667B4D /* LaunchScreen.xib */ = {
			isa = PBXVariantGroup;
			children = (
				98271ACA1A33C1C400667B4D /* Base */,
			);
			name = LaunchScreen.xib;
			sourceTree = "<group>";
		};
/* End PBXVariantGroup section */

/* Begin XCBuildConfiguration section */
		98271AD81A33C1C400667B4D /* Debug */ = {
			isa = XCBuildConfiguration;
			buildSettings = {
				ALWAYS_SEARCH_USER_PATHS = NO;
				CLANG_CXX_LANGUAGE_STANDARD = "gnu++0x";
				CLANG_CXX_LIBRARY = "libc++";
				CLANG_ENABLE_MODULES = YES;
				CLANG_ENABLE_OBJC_ARC = YES;
				CLANG_WARN_BOOL_CONVERSION = YES;
				CLANG_WARN_CONSTANT_CONVERSION = YES;
				CLANG_WARN_DIRECT_OBJC_ISA_USAGE = YES_ERROR;
				CLANG_WARN_EMPTY_BODY = YES;
				CLANG_WARN_ENUM_CONVERSION = YES;
				CLANG_WARN_INT_CONVERSION = YES;
				CLANG_WARN_OBJC_ROOT_CLASS = YES_ERROR;
				CLANG_WARN_UNREACHABLE_CODE = YES;
				CLANG_WARN__DUPLICATE_METHOD_MATCH = YES;
				"CODE_SIGN_IDENTITY[sdk=iphoneos*]" = "iPhone Developer";
				COPY_PHASE_STRIP = NO;
				ENABLE_STRICT_OBJC_MSGSEND = YES;
				GCC_C_LANGUAGE_STANDARD = gnu99;
				GCC_DYNAMIC_NO_PIC = NO;
				GCC_OPTIMIZATION_LEVEL = 0;
				GCC_PREPROCESSOR_DEFINITIONS = (
					"DEBUG=1",
					"$(inherited)",
				);
				GCC_SYMBOLS_PRIVATE_EXTERN = NO;
				GCC_WARN_64_TO_32_BIT_CONVERSION = YES;
				GCC_WARN_ABOUT_RETURN_TYPE = YES_ERROR;
				GCC_WARN_UNDECLARED_SELECTOR = YES;
				GCC_WARN_UNINITIALIZED_AUTOS = YES_AGGRESSIVE;
				GCC_WARN_UNUSED_FUNCTION = YES;
				GCC_WARN_UNUSED_VARIABLE = YES;
				IPHONEOS_DEPLOYMENT_TARGET = 8.2;
				MTL_ENABLE_DEBUG_INFO = YES;
				ONLY_ACTIVE_ARCH = YES;
				SDKROOT = iphoneos;
				SWIFT_OPTIMIZATION_LEVEL = "-Onone";
			};
			name = Debug;
		};
		98271AD91A33C1C400667B4D /* Release */ = {
			isa = XCBuildConfiguration;
			buildSettings = {
				ALWAYS_SEARCH_USER_PATHS = NO;
				CLANG_CXX_LANGUAGE_STANDARD = "gnu++0x";
				CLANG_CXX_LIBRARY = "libc++";
				CLANG_ENABLE_MODULES = YES;
				CLANG_ENABLE_OBJC_ARC = YES;
				CLANG_WARN_BOOL_CONVERSION = YES;
				CLANG_WARN_CONSTANT_CONVERSION = YES;
				CLANG_WARN_DIRECT_OBJC_ISA_USAGE = YES_ERROR;
				CLANG_WARN_EMPTY_BODY = YES;
				CLANG_WARN_ENUM_CONVERSION = YES;
				CLANG_WARN_INT_CONVERSION = YES;
				CLANG_WARN_OBJC_ROOT_CLASS = YES_ERROR;
				CLANG_WARN_UNREACHABLE_CODE = YES;
				CLANG_WARN__DUPLICATE_METHOD_MATCH = YES;
				"CODE_SIGN_IDENTITY[sdk=iphoneos*]" = "iPhone Developer";
				COPY_PHASE_STRIP = YES;
				ENABLE_NS_ASSERTIONS = NO;
				ENABLE_STRICT_OBJC_MSGSEND = YES;
				GCC_C_LANGUAGE_STANDARD = gnu99;
				GCC_WARN_64_TO_32_BIT_CONVERSION = YES;
				GCC_WARN_ABOUT_RETURN_TYPE = YES_ERROR;
				GCC_WARN_UNDECLARED_SELECTOR = YES;
				GCC_WARN_UNINITIALIZED_AUTOS = YES_AGGRESSIVE;
				GCC_WARN_UNUSED_FUNCTION = YES;
				GCC_WARN_UNUSED_VARIABLE = YES;
				IPHONEOS_DEPLOYMENT_TARGET = 8.2;
				MTL_ENABLE_DEBUG_INFO = NO;
				SDKROOT = iphoneos;
				VALIDATE_PRODUCT = YES;
			};
			name = Release;
		};
		98271ADB1A33C1C400667B4D /* Debug */ = {
			isa = XCBuildConfiguration;
			buildSettings = {
				ASSETCATALOG_COMPILER_APPICON_NAME = AppIcon;
				EMBEDDED_CONTENT_CONTAINS_SWIFT = YES;
				INFOPLIST_FILE = CoinFlipr/Info.plist;
				LD_RUNPATH_SEARCH_PATHS = "$(inherited) @executable_path/Frameworks";
				PRODUCT_NAME = "$(TARGET_NAME)";
			};
			name = Debug;
		};
		98271ADC1A33C1C400667B4D /* Release */ = {
			isa = XCBuildConfiguration;
			buildSettings = {
				ASSETCATALOG_COMPILER_APPICON_NAME = AppIcon;
				EMBEDDED_CONTENT_CONTAINS_SWIFT = YES;
				INFOPLIST_FILE = CoinFlipr/Info.plist;
				LD_RUNPATH_SEARCH_PATHS = "$(inherited) @executable_path/Frameworks";
				PRODUCT_NAME = "$(TARGET_NAME)";
			};
			name = Release;
		};
		98271ADE1A33C1C400667B4D /* Debug */ = {
			isa = XCBuildConfiguration;
			buildSettings = {
				BUNDLE_LOADER = "$(TEST_HOST)";
				FRAMEWORK_SEARCH_PATHS = (
					"$(SDKROOT)/Developer/Library/Frameworks",
					"$(inherited)",
				);
				GCC_PREPROCESSOR_DEFINITIONS = (
					"DEBUG=1",
					"$(inherited)",
				);
				INFOPLIST_FILE = CoinFliprTests/Info.plist;
				LD_RUNPATH_SEARCH_PATHS = "$(inherited) @executable_path/Frameworks @loader_path/Frameworks";
				PRODUCT_NAME = "$(TARGET_NAME)";
				TEST_HOST = "$(BUILT_PRODUCTS_DIR)/CoinFlipr.app/CoinFlipr";
			};
			name = Debug;
		};
		98271ADF1A33C1C400667B4D /* Release */ = {
			isa = XCBuildConfiguration;
			buildSettings = {
				BUNDLE_LOADER = "$(TEST_HOST)";
				FRAMEWORK_SEARCH_PATHS = (
					"$(SDKROOT)/Developer/Library/Frameworks",
					"$(inherited)",
				);
				INFOPLIST_FILE = CoinFliprTests/Info.plist;
				LD_RUNPATH_SEARCH_PATHS = "$(inherited) @executable_path/Frameworks @loader_path/Frameworks";
				PRODUCT_NAME = "$(TARGET_NAME)";
				TEST_HOST = "$(BUILT_PRODUCTS_DIR)/CoinFlipr.app/CoinFlipr";
			};
			name = Release;
		};
		98271B001A33C1EA00667B4D /* Debug */ = {
			isa = XCBuildConfiguration;
			buildSettings = {
				ASSETCATALOG_COMPILER_APPICON_NAME = AppIcon;
				ASSETCATALOG_COMPILER_LAUNCHIMAGE_NAME = LaunchImage;
				GCC_PREPROCESSOR_DEFINITIONS = (
					"DEBUG=1",
					"$(inherited)",
				);
				IBSC_MODULE = CoinFlipr_WatchKit_Extension;
				INFOPLIST_FILE = "CoinFlipr Watch App/Info.plist";
				PRODUCT_NAME = "$(TARGET_NAME)";
				SKIP_INSTALL = YES;
				TARGETED_DEVICE_FAMILY = 4;
				"TARGETED_DEVICE_FAMILY[sdk=iphonesimulator*]" = "1,4";
			};
			name = Debug;
		};
		98271B011A33C1EA00667B4D /* Release */ = {
			isa = XCBuildConfiguration;
			buildSettings = {
				ASSETCATALOG_COMPILER_APPICON_NAME = AppIcon;
				ASSETCATALOG_COMPILER_LAUNCHIMAGE_NAME = LaunchImage;
				IBSC_MODULE = CoinFlipr_WatchKit_Extension;
				INFOPLIST_FILE = "CoinFlipr Watch App/Info.plist";
				PRODUCT_NAME = "$(TARGET_NAME)";
				SKIP_INSTALL = YES;
				TARGETED_DEVICE_FAMILY = 4;
				"TARGETED_DEVICE_FAMILY[sdk=iphonesimulator*]" = "1,4";
			};
			name = Release;
		};
		98271B031A33C1EA00667B4D /* Debug */ = {
			isa = XCBuildConfiguration;
			buildSettings = {
				GCC_PREPROCESSOR_DEFINITIONS = (
					"DEBUG=1",
					"$(inherited)",
				);
				INFOPLIST_FILE = "CoinFlipr WatchKit Extension/Info.plist";
				LD_RUNPATH_SEARCH_PATHS = "$(inherited) @executable_path/Frameworks @executable_path/../../Frameworks";
				PRODUCT_NAME = "${TARGET_NAME}";
				SKIP_INSTALL = YES;
			};
			name = Debug;
		};
		98271B041A33C1EA00667B4D /* Release */ = {
			isa = XCBuildConfiguration;
			buildSettings = {
				INFOPLIST_FILE = "CoinFlipr WatchKit Extension/Info.plist";
				LD_RUNPATH_SEARCH_PATHS = "$(inherited) @executable_path/Frameworks @executable_path/../../Frameworks";
				PRODUCT_NAME = "${TARGET_NAME}";
				SKIP_INSTALL = YES;
			};
			name = Release;
		};
/* End XCBuildConfiguration section */

/* Begin XCConfigurationList section */
		98271AB31A33C1C400667B4D /* Build configuration list for PBXProject "CoinFlipr" */ = {
			isa = XCConfigurationList;
			buildConfigurations = (
				98271AD81A33C1C400667B4D /* Debug */,
				98271AD91A33C1C400667B4D /* Release */,
			);
			defaultConfigurationIsVisible = 0;
			defaultConfigurationName = Release;
		};
		98271ADA1A33C1C400667B4D /* Build configuration list for PBXNativeTarget "CoinFlipr" */ = {
			isa = XCConfigurationList;
			buildConfigurations = (
				98271ADB1A33C1C400667B4D /* Debug */,
				98271ADC1A33C1C400667B4D /* Release */,
			);
			defaultConfigurationIsVisible = 0;
			defaultConfigurationName = Release;
		};
		98271ADD1A33C1C400667B4D /* Build configuration list for PBXNativeTarget "CoinFliprTests" */ = {
			isa = XCConfigurationList;
			buildConfigurations = (
				98271ADE1A33C1C400667B4D /* Debug */,
				98271ADF1A33C1C400667B4D /* Release */,
			);
			defaultConfigurationIsVisible = 0;
			defaultConfigurationName = Release;
		};
		98271AFF1A33C1EA00667B4D /* Build configuration list for PBXNativeTarget "CoinFlipr Watch App" */ = {
			isa = XCConfigurationList;
			buildConfigurations = (
				98271B001A33C1EA00667B4D /* Debug */,
				98271B011A33C1EA00667B4D /* Release */,
			);
			defaultConfigurationIsVisible = 0;
			defaultConfigurationName = Release;
		};
		98271B021A33C1EA00667B4D /* Build configuration list for PBXNativeTarget "CoinFlipr WatchKit Extension" */ = {
			isa = XCConfigurationList;
			buildConfigurations = (
				98271B031A33C1EA00667B4D /* Debug */,
				98271B041A33C1EA00667B4D /* Release */,
			);
			defaultConfigurationIsVisible = 0;
			defaultConfigurationName = Release;
		};
/* End XCConfigurationList section */

/* Begin XCVersionGroup section */
		98271ABF1A33C1C400667B4D /* CoinFlipr.xcdatamodeld */ = {
			isa = XCVersionGroup;
			children = (
				98271AC01A33C1C400667B4D /* CoinFlipr.xcdatamodel */,
			);
			currentVersion = 98271AC01A33C1C400667B4D /* CoinFlipr.xcdatamodel */;
			path = CoinFlipr.xcdatamodeld;
			sourceTree = "<group>";
			versionGroupType = wrapper.xcdatamodel;
		};
/* End XCVersionGroup section */
	};
	rootObject = 98271AB01A33C1C400667B4D /* Project object */;
}
